# THIS IS AN AUTOGENERATED FILE. DO NOT EDIT THIS FILE DIRECTLY.
# yarn lockfile v1


cdocparser@^0.13.0:
  version "0.13.0"
  resolved "https://registry.yarnpkg.com/cdocparser/-/cdocparser-0.13.0.tgz#1ba98a1e1e1668e2bfb35d41761e9e4645d731ba"
  integrity sha1-G6mKHh4WaOK/s11Bdh6eRkXXMbo=
  dependencies:
    escape-string-regexp "^1.0.2"
    lodash.assign "^2.4.1"
    strip-indent "^1.0.0"

escape-string-regexp@^1.0.2:
  version "1.0.5"
  resolved "https://registry.yarnpkg.com/escape-string-regexp/-/escape-string-regexp-1.0.5.tgz#1b61c0562190a8dff6ae3bb2cf0200ca130b86d4"
  integrity sha1-G2HAViGQqN/2rjuyzwIAyhMLhtQ=

get-stdin@^4.0.1:
  version "4.0.1"
  resolved "https://registry.yarnpkg.com/get-stdin/-/get-stdin-4.0.1.tgz#b968c6b0a04384324902e8bf1a5df32579a450fe"
  integrity sha1-uWjGsKBDhDJJAui/Gl3zJXmkUP4=

lodash._basebind@~2.4.1:
  version "2.4.1"
  resolved "https://registry.yarnpkg.com/lodash._basebind/-/lodash._basebind-2.4.1.tgz#e940b9ebdd27c327e0a8dab1b55916c5341e9575"
  integrity sha1-6UC5690nwyfgqNqxtVkWxTQelXU=
  dependencies:
    lodash._basecreate "~2.4.1"
    lodash._setbinddata "~2.4.1"
    lodash._slice "~2.4.1"
    lodash.isobject "~2.4.1"

lodash._basecreate@~2.4.1:
  version "2.4.1"
  resolved "https://registry.yarnpkg.com/lodash._basecreate/-/lodash._basecreate-2.4.1.tgz#f8e6f5b578a9e34e541179b56b8eeebf4a287e08"
  integrity sha1-+Ob1tXip405UEXm1a47uv0oofgg=
  dependencies:
    lodash._isnative "~2.4.1"
    lodash.isobject "~2.4.1"
    lodash.noop "~2.4.1"

lodash._basecreatecallback@~2.4.1:
  version "2.4.1"
  resolved "https://registry.yarnpkg.com/lodash._basecreatecallback/-/lodash._basecreatecallback-2.4.1.tgz#7d0b267649cb29e7a139d0103b7c11fae84e4851"
  integrity sha1-fQsmdknLKeehOdAQO3wR+uhOSFE=
  dependencies:
    lodash._setbinddata "~2.4.1"
    lodash.bind "~2.4.1"
    lodash.identity "~2.4.1"
    lodash.support "~2.4.1"

lodash._basecreatewrapper@~2.4.1:
  version "2.4.1"
  resolved "https://registry.yarnpkg.com/lodash._basecreatewrapper/-/lodash._basecreatewrapper-2.4.1.tgz#4d31f2e7de7e134fbf2803762b8150b32519666f"
  integrity sha1-TTHy595+E0+/KAN2K4FQsyUZZm8=
  dependencies:
    lodash._basecreate "~2.4.1"
    lodash._setbinddata "~2.4.1"
    lodash._slice "~2.4.1"
    lodash.isobject "~2.4.1"

lodash._createwrapper@~2.4.1:
  version "2.4.1"
  resolved "https://registry.yarnpkg.com/lodash._createwrapper/-/lodash._createwrapper-2.4.1.tgz#51d6957973da4ed556e37290d8c1a18c53de1607"
  integrity sha1-UdaVeXPaTtVW43KQ2MGhjFPeFgc=
  dependencies:
    lodash._basebind "~2.4.1"
    lodash._basecreatewrapper "~2.4.1"
    lodash._slice "~2.4.1"
    lodash.isfunction "~2.4.1"

lodash._isnative@~2.4.1:
  version "2.4.1"
  resolved "https://registry.yarnpkg.com/lodash._isnative/-/lodash._isnative-2.4.1.tgz#3ea6404b784a7be836c7b57580e1cdf79b14832c"
  integrity sha1-PqZAS3hKe+g2x7V1gOHN95sUgyw=

lodash._objecttypes@~2.4.1:
  version "2.4.1"
  resolved "https://registry.yarnpkg.com/lodash._objecttypes/-/lodash._objecttypes-2.4.1.tgz#7c0b7f69d98a1f76529f890b0cdb1b4dfec11c11"
  integrity sha1-fAt/admKH3ZSn4kLDNsbTf7BHBE=

lodash._setbinddata@~2.4.1:
  version "2.4.1"
  resolved "https://registry.yarnpkg.com/lodash._setbinddata/-/lodash._setbinddata-2.4.1.tgz#f7c200cd1b92ef236b399eecf73c648d17aa94d2"
  integrity sha1-98IAzRuS7yNrOZ7s9zxkjReqlNI=
  dependencies:
    lodash._isnative "~2.4.1"
    lodash.noop "~2.4.1"

lodash._shimkeys@~2.4.1:
  version "2.4.1"
  resolved "https://registry.yarnpkg.com/lodash._shimkeys/-/lodash._shimkeys-2.4.1.tgz#6e9cc9666ff081f0b5a6c978b83e242e6949d203"
  integrity sha1-bpzJZm/wgfC1psl4uD4kLmlJ0gM=
  dependencies:
    lodash._objecttypes "~2.4.1"

lodash._slice@~2.4.1:
  version "2.4.1"
  resolved "https://registry.yarnpkg.com/lodash._slice/-/lodash._slice-2.4.1.tgz#745cf41a53597b18f688898544405efa2b06d90f"
  integrity sha1-dFz0GlNZexj2iImFREBe+isG2Q8=

lodash.assign@^2.4.1:
  version "2.4.1"
  resolved "https://registry.yarnpkg.com/lodash.assign/-/lodash.assign-2.4.1.tgz#84c39596dd71181a97b0652913a7c9675e49b1aa"
  integrity sha1-hMOVlt1xGBqXsGUpE6fJZ15Jsao=
  dependencies:
    lodash._basecreatecallback "~2.4.1"
    lodash._objecttypes "~2.4.1"
    lodash.keys "~2.4.1"

lodash.bind@~2.4.1:
  version "2.4.1"
  resolved "https://registry.yarnpkg.com/lodash.bind/-/lodash.bind-2.4.1.tgz#5d19fa005c8c4d236faf4742c7b7a1fcabe29267"
  integrity sha1-XRn6AFyMTSNvr0dCx7eh/Kvikmc=
  dependencies:
    lodash._createwrapper "~2.4.1"
    lodash._slice "~2.4.1"

lodash.identity@~2.4.1:
  version "2.4.1"
  resolved "https://registry.yarnpkg.com/lodash.identity/-/lodash.identity-2.4.1.tgz#6694cffa65fef931f7c31ce86c74597cf560f4f1"
  integrity sha1-ZpTP+mX++TH3wxzobHRZfPVg9PE=

lodash.isfunction@~2.4.1:
  version "2.4.1"
  resolved "https://registry.yarnpkg.com/lodash.isfunction/-/lodash.isfunction-2.4.1.tgz#2cfd575c73e498ab57e319b77fa02adef13a94d1"
  integrity sha1-LP1XXHPkmKtX4xm3f6Aq3vE6lNE=

lodash.isobject@~2.4.1:
  version "2.4.1"
  resolved "https://registry.yarnpkg.com/lodash.isobject/-/lodash.isobject-2.4.1.tgz#5a2e47fe69953f1ee631a7eba1fe64d2d06558f5"
  integrity sha1-Wi5H/mmVPx7mMafrof5k0tBlWPU=
  dependencies:
    lodash._objecttypes "~2.4.1"

lodash.keys@~2.4.1:
  version "2.4.1"
  resolved "https://registry.yarnpkg.com/lodash.keys/-/lodash.keys-2.4.1.tgz#48dea46df8ff7632b10d706b8acb26591e2b3727"
  integrity sha1-SN6kbfj/djKxDXBrissmWR4rNyc=
  dependencies:
    lodash._isnative "~2.4.1"
    lodash._shimkeys "~2.4.1"
    lodash.isobject "~2.4.1"

lodash.noop@~2.4.1:
  version "2.4.1"
  resolved "https://registry.yarnpkg.com/lodash.noop/-/lodash.noop-2.4.1.tgz#4fb54f816652e5ae10e8f72f717a388c7326538a"
  integrity sha1-T7VPgWZS5a4Q6PcvcXo4jHMmU4o=

lodash.support@~2.4.1:
  version "2.4.1"
  resolved "https://registry.yarnpkg.com/lodash.support/-/lodash.support-2.4.1.tgz#320e0b67031673c28d7a2bb5d9e0331a45240515"
  integrity sha1-Mg4LZwMWc8KNeiu12eAzGkUkBRU=
  dependencies:
    lodash._isnative "~2.4.1"

scss-comment-parser@^0.8.4:
  version "0.8.4"
  resolved "https://registry.yarnpkg.com/scss-comment-parser/-/scss-comment-parser-0.8.4.tgz#8e82c3fcf7fdbbb7f172f8955e2aa88b685f86d8"
  integrity sha512-ERw4BODvM22n8Ke8hJxuH3fKXLm0Q4chfUNHwDSOAExCths2ZXq8PT32vms4R9Om6dffRSXzzGZS1p38UU4EAg==
  dependencies:
    cdocparser "^0.13.0"

strip-indent@^1.0.0:
  version "1.0.1"
  resolved "https://registry.yarnpkg.com/strip-indent/-/strip-indent-1.0.1.tgz#0c7962a6adefa7bbd4ac366460a638552ae1a0a2"
  integrity sha1-DHlipq3vp7vUrDZkYKY4VSrhoKI=
  dependencies:
    get-stdin "^4.0.1"
